github.com/Pivot-Studio/gojsonconfig v0.0.0-20220620061800-a4987fb46183 h1:xKz2DUe1/SWBHOOEHA4ivcLORoz4yit/QMUv65pieeI=
github.com/Pivot-Studio/gojsonconfig v0.0.0-20220620061800-a4987fb46183/go.mod h1:SXaRlNOz3lPYa+M+3omNgPLdsFYfYnDEdIFuBACsTGQ=
github.com/antchfx/jsonquery v1.3.2 h1:/BgHv1le9CCkqDe7t1x5BRlCg6DQmXTsztnMQFG5Hoc=
github.com/antchfx/jsonquery v1.3.2/go.mod h1:VsW9O/sNgHoUVvhoMEjR+opjIOjKOViNFTpAlxcI4Ws=
github.com/antchfx/xpath v1.2.3 h1:CCZWOzv5bAqjVv0offZ2LVgVYFbeldKQVuLNbViZdes=
github.com/antchfx/xpath v1.2.3/go.mod h1:i54GszH55fYfBmoZXapTHN8T8tkcHfRgLyVwwqzXNcs=
github.com/golang-collections/collections v0.0.0-20130729185459-604e922904d3 h1:zN2lZNZRflqFyxVaTIU61KNKQ9C0055u9CAfpmqUvo4=
github.com/golang-collections/collections v0.0.0-20130729185459-604e922904d3/go.mod h1:nPpo7qLxd6XL3hWJG/O60sR8ZKfMCiIoNap5GvD12KU=
github.com/golang/groupcache v0.0.0-20210331224755-41bb18bfe9da h1:oI5xCqsCo564l8iNU+DwB5epxmsaqB+rhGL0m5jtYqE=
github.com/golang/groupcache v0.0.0-20210331224755-41bb18bfe9da/go.mod h1:cIg4eruTrX1D+g88fzRXU5OdNfaM+9IcxsU14FzY7Hc=
github.com/jessevdk/go-flags v1.4.0/go.mod h1:4FA24M0QyGHXBuZZK/XkWh8h0e1EYbRYJSGM75WSRxI=
github.com/jessevdk/go-flags v1.5.0 h1:1jKYvbxEjfUl0fmqTCOfonvskHHXMjBySTLW4y9LFvc=
github.com/jessevdk/go-flags v1.5.0/go.mod h1:Fw0T6WPc1dYxT4mKEZRfG5kJhaTDP9pj1c2EWnYs/m4=
golang.org/x/sys v0.0.0-20210320140829-1e4c9ba3b0c4/go.mod h1:h1NjWce9XRLGQEsW7wpKNCjG9DtNlClVuFLEZdDNbEs=
golang.org/x/sys v0.7.0 h1:3jlCCIQZPdOYu1h8BkNvLz8Kgwtae2cagcG/VamtZRU=
golang.org/x/sys v0.7.0/go.mod h1:oPkhp1MJrh7nUepCBck5+mAzfO9JrbApNNgaTdGDITg=
